{
  "nodes": {
    "clj-nix": {
      "inputs": {
        "devshell": "devshell",
        "nix-fetcher-data": "nix-fetcher-data",
        "nixpkgs": [
          "eca",
          "nixpkgs"
        ]
      },
      "locked": {
        "lastModified": 1773151887,
        "narHash": "sha256-YUiehwe2iTlwYSrnJ1pcw7KDNX+U42xlTx/2k/mo0P8=",
        "owner": "jlesquembre",
        "repo": "clj-nix",
        "rev": "27dac4466c9d3939f6a4925bc09e0cb1d8f32d9c",
        "type": "github"
      },
      "original": {
        "owner": "jlesquembre",
        "repo": "clj-nix",
        "type": "github"
      }
    },
    "devshell": {
      "inputs": {
        "nixpkgs": [
          "eca",
          "clj-nix",
          "nixpkgs"
        ]
      },
      "locked": {
        "lastModified": 1768818222,
        "narHash": "sha256-460jc0+CZfyaO8+w8JNtlClB2n4ui1RbHfPTLkpwhU8=",
        "owner": "numtide",
        "repo": "devshell",
        "rev": "255a2b1725a20d060f566e4755dbf571bbbb5f76",
        "type": "github"
      },
      "original": {
        "owner": "numtide",
        "repo": "devshell",
        "type": "github"
      }
    },
    "eca": {
      "inputs": {
        "clj-nix": "clj-nix",
        "flake-utils": "flake-utils",
        "nixpkgs": [
          "nixpkgs"
        ]
      },
      "locked": {
        "lastModified": 1780519386,
        "narHash": "sha256-K0DThfBPa4wr4/vUsRSHIAXfTBppeCRIC6s2rwqOuuM=",
        "owner": "editor-code-assistant",
        "repo": "eca",
        "rev": "62e119f1274188820d4a26fed573809b69f3c77a",
        "type": "github"
      },
      "original": {
        "owner": "editor-code-assistant",
        "repo": "eca",
        "type": "github"
      }
    },
    "emacs-overlay": {
      "inputs": {
        "nixpkgs": "nixpkgs",
        "nixpkgs-stable": "nixpkgs-stable"
      },
      "locked": {
        "lastModified": 1780574924,
        "narHash": "sha256-+mJ6qgx4X6sKF9xT/AhAPHtrZcRn1va0IcKgH6peVm8=",
        "owner": "nix-community",
        "repo": "emacs-overlay",
        "rev": "0ccbdaeadd69f609823701cf601b6915bee8bc18",
        "type": "github"
      },
      "original": {
        "owner": "nix-community",
        "repo": "emacs-overlay",
        "type": "github"
      }
    },
    "flake-parts": {
      "inputs": {
        "nixpkgs-lib": "nixpkgs-lib"
      },
      "locked": {
        "lastModified": 1719745305,
        "narHash": "sha256-xwgjVUpqSviudEkpQnioeez1Uo2wzrsMaJKJClh+Bls=",
        "owner": "hercules-ci",
        "repo": "flake-parts",
        "rev": "c3c5ecc05edc7dafba779c6c1a61cd08ac6583e9",
        "type": "github"
      },
      "original": {
        "owner": "hercules-ci",
        "repo": "flake-parts",
        "type": "github"
      }
    },
    "flake-utils": {
      "inputs": {
        "systems": "systems"
      },
      "locked": {
        "lastModified": 1731533236,
        "narHash": "sha256-l0KFg5HjrsfsO/JpG+r7fRrqm12kzFHyUHqHCVpMMbI=",
        "owner": "numtide",
        "repo": "flake-utils",
        "rev": "11707dc2f618dd54ca8739b309ec4fc024de578b",
        "type": "github"
      },
      "original": {
        "owner": "numtide",
        "repo": "flake-utils",
        "type": "github"
      }
    },
    "home-manager": {
      "inputs": {
        "nixpkgs": [
          "nixpkgs"
        ]
      },
      "locked": {
        "lastModified": 1780361225,
        "narHash": "sha256-wnV9ttf4fPWNonBIQmvlrSlNpQYgx5HgWWd007mwIFA=",
        "owner": "nix-community",
        "repo": "home-manager",
        "rev": "e28654b71096e08c019d4861ca26acb646f583d8",
        "type": "github"
      },
      "original": {
        "owner": "nix-community",
        "ref": "release-26.05",
        "repo": "home-manager",
        "type": "github"
      }
    },
    "nix-fetcher-data": {
      "inputs": {
        "flake-parts": "flake-parts",
        "nixpkgs": [
          "eca",
          "clj-nix",
          "nixpkgs"
        ]
      },
      "locked": {
        "lastModified": 1755022803,
        "narHash": "sha256-/QtBdVfZlrRJW5enUoWlBE2wrLXJBMJ45X0rZh0jiaU=",
        "owner": "jlesquembre",
        "repo": "nix-fetcher-data",
        "rev": "9da3926b1459d6ff15268072d1c51351b82811b9",
        "type": "github"
      },
      "original": {
        "owner": "jlesquembre",
        "repo": "nix-fetcher-data",
        "type": "github"
      }
    },
    "nixpkgs": {
      "locked": {
        "lastModified": 1780243769,
        "narHash": "sha256-x5UQuRsH3MqI0U9afaXSNqzTPSeZlRLvFAav2Ux1pNw=",
        "owner": "NixOS",
        "repo": "nixpkgs",
        "rev": "331800de5053fcebacf6813adb5db9c9dca22a0c",
        "type": "github"
      },
      "original": {
        "owner": "NixOS",
        "ref": "nixos-unstable",
        "repo": "nixpkgs",
        "type": "github"
      }
    },
    "nixpkgs-lib": {
      "locked": {
        "lastModified": 1717284937,
        "narHash": "sha256-lIbdfCsf8LMFloheeE6N31+BMIeixqyQWbSr2vk79EQ=",
        "type": "tarball",
        "url": "https://github.com/NixOS/nixpkgs/archive/eb9ceca17df2ea50a250b6b27f7bf6ab0186f198.tar.gz"
      },
      "original": {
        "type": "tarball",
        "url": "https://github.com/NixOS/nixpkgs/archive/eb9ceca17df2ea50a250b6b27f7bf6ab0186f198.tar.gz"
      }
    },
    "nixpkgs-stable": {
      "locked": {
        "lastModified": 1780453794,
        "narHash": "sha256-bXMRa9VTsHSPXL4Cw8R6JJLQeY3Y/IP4+YJCYVmQ7FY=",
        "owner": "NixOS",
        "repo": "nixpkgs",
        "rev": "6b316287bae2ee04c9b93c8c858d930fd07d7338",
        "type": "github"
      },
      "original": {
        "owner": "NixOS",
        "ref": "nixos-26.05",
        "repo": "nixpkgs",
        "type": "github"
      }
    },
    "nixpkgs-unstable": {
      "locked": {
        "lastModified": 1780243769,
        "narHash": "sha256-x5UQuRsH3MqI0U9afaXSNqzTPSeZlRLvFAav2Ux1pNw=",
        "owner": "nixos",
        "repo": "nixpkgs",
        "rev": "331800de5053fcebacf6813adb5db9c9dca22a0c",
        "type": "github"
      },
      "original": {
        "owner": "nixos",
        "ref": "nixos-unstable",
        "repo": "nixpkgs",
        "type": "github"
      }
    },
    "nixpkgs_2": {
      "locked": {
        "lastModified": 1780453794,
        "narHash": "sha256-bXMRa9VTsHSPXL4Cw8R6JJLQeY3Y/IP4+YJCYVmQ7FY=",
        "owner": "nixos",
        "repo": "nixpkgs",
        "rev": "6b316287bae2ee04c9b93c8c858d930fd07d7338",
        "type": "github"
      },
      "original": {
        "owner": "nixos",
        "ref": "nixos-26.05",
        "repo": "nixpkgs",
        "type": "github"
      }
    },
    "root": {
      "inputs": {
        "eca": "eca",
        "emacs-overlay": "emacs-overlay",
        "home-manager": "home-manager",
        "nixpkgs": "nixpkgs_2",
        "nixpkgs-unstable": "nixpkgs-unstable"
      }
    },
    "systems": {
      "locked": {
        "lastModified": 1681028828,
        "narHash": "sha256-Vy1rq5AaRuLzOxct8nz4T6wlgyUR7zLU309k9mBC768=",
        "owner": "nix-systems",
        "repo": "default",
        "rev": "da67096a3b9bf56a91d16901293e51ba5b49a27e",
        "type": "github"
      },
      "original": {
        "owner": "nix-systems",
        "repo": "default",
        "type": "github"
      }
    }
  },
  "root": "root",
  "version": 7
}
